
Microsoft Visual Studio Solution File, Format Version 12.00
# Visual Studio 15
VisualStudioVersion = 15.0.28307.271
MinimumVisualStudioVersion = 10.0.40219.1
Project("{FAE04EC0-301F-11D3-BF4B-00C04F79EFBC}") = "ADO.NET", "ADO.NET\ADO.NET.csproj", "{9405694E-85AE-4A10-9F37-84D80FCA6CC8}"
EndProject
Project("{FAE04EC0-301F-11D3-BF4B-00C04F79EFBC}") = "Dominio", "Dominio\Dominio.csproj", "{593EA372-3C39-4D3E-8F6E-26A119129A9B}"
EndProject
Project("{FAE04EC0-301F-11D3-BF4B-00C04F79EFBC}") = "Persistencia", "Persistencia\Persistencia.csproj", "{EB684AEB-BD67-488A-822B-B9E755CC9DAB}"
EndProject
Global
	GlobalSection(SolutionConfigurationPlatforms) = preSolution
		Debug|Any CPU = Debug|Any CPU
		Release|Any CPU = Release|Any CPU
	EndGlobalSection
	GlobalSection(ProjectConfigurationPlatforms) = postSolution
		{9405694E-85AE-4A10-9F37-84D80FCA6CC8}.Debug|Any CPU.ActiveCfg = Debug|Any CPU
		{9405694E-85AE-4A10-9F37-84D80FCA6CC8}.Debug|Any CPU.Build.0 = Debug|Any CPU
		{9405694E-85AE-4A10-9F37-84D80FCA6CC8}.Release|Any CPU.ActiveCfg = Release|Any CPU
		{9405694E-85AE-4A10-9F37-84D80FCA6CC8}.Release|Any CPU.Build.0 = Release|Any CPU
		{593EA372-3C39-4D3E-8F6E-26A119129A9B}.Debug|Any CPU.ActiveCfg = Debug|Any CPU
		{593EA372-3C39-4D3E-8F6E-26A119129A9B}.Debug|Any CPU.Build.0 = Debug|Any CPU
		{593EA372-3C39-4D3E-8F6E-26A119129A9B}.Release|Any CPU.ActiveCfg = Release|Any CPU
		{593EA372-3C39-4D3E-8F6E-26A119129A9B}.Release|Any CPU.Build.0 = Release|Any CPU
		{EB684AEB-BD67-488A-822B-B9E755CC9DAB}.Debug|Any CPU.ActiveCfg = Debug|Any CPU
		{EB684AEB-BD67-488A-822B-B9E755CC9DAB}.Debug|Any CPU.Build.0 = Debug|Any CPU
		{EB684AEB-BD67-488A-822B-B9E755CC9DAB}.Release|Any CPU.ActiveCfg = Release|Any CPU
		{EB684AEB-BD67-488A-822B-B9E755CC9DAB}.Release|Any CPU.Build.0 = Release|Any CPU
	EndGlobalSection
	GlobalSection(SolutionProperties) = preSolution
		HideSolutionNode = FALSE
	EndGlobalSection
	GlobalSection(ExtensibilityGlobals) = postSolution
		SolutionGuid = {8C6C76DE-A894-4101-A33C-731EC2CE40AE}
	EndGlobalSection
EndGlobal
